
Microsoft Visual Studio Solution File, Format Version 12.00
# Visual Studio Version 17
VisualStudioVersion = 17.11.35303.130
MinimumVisualStudioVersion = 10.0.40219.1
Project("{FAE04EC0-301F-11D3-BF4B-00C04F79EFBC}") = "lab02_p2", "lab02_p2\lab02_p2.csproj", "{90143E15-458C-40F7-A508-8AA8C4336C30}"
EndProject
Global
	GlobalSection(SolutionConfigurationPlatforms) = preSolution
		Debug|Any CPU = Debug|Any CPU
		Release|Any CPU = Release|Any CPU
	EndGlobalSection
	GlobalSection(ProjectConfigurationPlatforms) = postSolution
		{90143E15-458C-40F7-A508-8AA8C4336C30}.Debug|Any CPU.ActiveCfg = Debug|Any CPU
		{90143E15-458C-40F7-A508-8AA8C4336C30}.Debug|Any CPU.Build.0 = Debug|Any CPU
		{90143E15-458C-40F7-A508-8AA8C4336C30}.Release|Any CPU.ActiveCfg = Release|Any CPU
		{90143E15-458C-40F7-A508-8AA8C4336C30}.Release|Any CPU.Build.0 = Release|Any CPU
	EndGlobalSection
	GlobalSection(SolutionProperties) = preSolution
		HideSolutionNode = FALSE
	EndGlobalSection
	GlobalSection(ExtensibilityGlobals) = postSolution
		SolutionGuid = {064D96C5-CE6F-4169-B5FE-94A2A36C9E7D}
	EndGlobalSection
EndGlobal
